
Microsoft Visual Studio Solution File, Format Version 12.00
# Visual Studio Version 17
VisualStudioVersion = 17.9.34616.47
MinimumVisualStudioVersion = 10.0.40219.1
Project("{FAE04EC0-301F-11D3-BF4B-00C04F79EFBC}") = "ConsumirAPI", "ConsumirAPI\ConsumirAPI.csproj", "{3A6303BC-82E3-49D3-9D90-D89C6A9774CD}"
EndProject
Global
	GlobalSection(SolutionConfigurationPlatforms) = preSolution
		Debug|Any CPU = Debug|Any CPU
		Release|Any CPU = Release|Any CPU
	EndGlobalSection
	GlobalSection(ProjectConfigurationPlatforms) = postSolution
		{3A6303BC-82E3-49D3-9D90-D89C6A9774CD}.Debug|Any CPU.ActiveCfg = Debug|Any CPU
		{3A6303BC-82E3-49D3-9D90-D89C6A9774CD}.Debug|Any CPU.Build.0 = Debug|Any CPU
		{3A6303BC-82E3-49D3-9D90-D89C6A9774CD}.Release|Any CPU.ActiveCfg = Release|Any CPU
		{3A6303BC-82E3-49D3-9D90-D89C6A9774CD}.Release|Any CPU.Build.0 = Release|Any CPU
	EndGlobalSection
	GlobalSection(SolutionProperties) = preSolution
		HideSolutionNode = FALSE
	EndGlobalSection
	GlobalSection(ExtensibilityGlobals) = postSolution
		SolutionGuid = {2B3CBACD-A324-4B5D-A3FD-083752F33DCB}
	EndGlobalSection
EndGlobal
