
Microsoft Visual Studio Solution File, Format Version 12.00
# Visual Studio Version 16
VisualStudioVersion = 25.0.1706.9
MinimumVisualStudioVersion = 10.0.40219.1
Project("{FAE04EC0-301F-11D3-BF4B-00C04F79EFBC}") = "AWAQPagina", "AWAQPagina\AWAQPagina.csproj", "{65F54CFA-1526-497B-8D21-9B6426FF991C}"
EndProject
Global
	GlobalSection(SolutionConfigurationPlatforms) = preSolution
		Debug|Any CPU = Debug|Any CPU
		Release|Any CPU = Release|Any CPU
	EndGlobalSection
	GlobalSection(ProjectConfigurationPlatforms) = postSolution
		{65F54CFA-1526-497B-8D21-9B6426FF991C}.Debug|Any CPU.ActiveCfg = Debug|Any CPU
		{65F54CFA-1526-497B-8D21-9B6426FF991C}.Debug|Any CPU.Build.0 = Debug|Any CPU
		{65F54CFA-1526-497B-8D21-9B6426FF991C}.Release|Any CPU.ActiveCfg = Release|Any CPU
		{65F54CFA-1526-497B-8D21-9B6426FF991C}.Release|Any CPU.Build.0 = Release|Any CPU
	EndGlobalSection
	GlobalSection(SolutionProperties) = preSolution
		HideSolutionNode = FALSE
	EndGlobalSection
	GlobalSection(ExtensibilityGlobals) = postSolution
		SolutionGuid = {6767F503-31F7-4DD5-84C7-D5E80F964C80}
	EndGlobalSection
EndGlobal
