
Microsoft Visual Studio Solution File, Format Version 12.00
# Visual Studio Version 17
VisualStudioVersion = 17.9.34616.47
MinimumVisualStudioVersion = 10.0.40219.1
Project("{FAE04EC0-301F-11D3-BF4B-00C04F79EFBC}") = "NombreDePokemon", "NombreDePokemon\NombreDePokemon.csproj", "{1097843B-EEA1-4A1B-8395-D875DD578217}"
EndProject
Global
	GlobalSection(SolutionConfigurationPlatforms) = preSolution
		Debug|Any CPU = Debug|Any CPU
		Release|Any CPU = Release|Any CPU
	EndGlobalSection
	GlobalSection(ProjectConfigurationPlatforms) = postSolution
		{1097843B-EEA1-4A1B-8395-D875DD578217}.Debug|Any CPU.ActiveCfg = Debug|Any CPU
		{1097843B-EEA1-4A1B-8395-D875DD578217}.Debug|Any CPU.Build.0 = Debug|Any CPU
		{1097843B-EEA1-4A1B-8395-D875DD578217}.Release|Any CPU.ActiveCfg = Release|Any CPU
		{1097843B-EEA1-4A1B-8395-D875DD578217}.Release|Any CPU.Build.0 = Release|Any CPU
	EndGlobalSection
	GlobalSection(SolutionProperties) = preSolution
		HideSolutionNode = FALSE
	EndGlobalSection
	GlobalSection(ExtensibilityGlobals) = postSolution
		SolutionGuid = {F60761EB-1365-4DB1-88C5-B63607E5893A}
	EndGlobalSection
EndGlobal
